PODS:
  - Alamofire (2.0.2)
  - Brilliant (0.1.1):
    - Alamofire (~> 2.0)
    - ReachabilitySwift (= 2.0)
  - ReachabilitySwift (2.0)

DEPENDENCIES:
  - Brilliant (from `../`)

EXTERNAL SOURCES:
  Brilliant:
    :path: ../

SPEC CHECKSUMS:
  Alamofire: 8edbab00802a752bb5240cc2abe70e7e881488ad
  Brilliant: 1316ff6b94e9d58e611c6058d8efcf470836531c
  ReachabilitySwift: 227b98ae7ec99e1c01148b17fb22357aa91a5675

COCOAPODS: 0.38.2
