PODS:
  - Alamofire (2.0.2)
  - Brilliant (0.1.0):
    - Alamofire (~> 2.0)

DEPENDENCIES:
  - Brilliant (from `../`)

EXTERNAL SOURCES:
  Brilliant:
    :path: "../"

SPEC CHECKSUMS:
  Alamofire: 8edbab00802a752bb5240cc2abe70e7e881488ad
  Brilliant: c4fc59419b47902291b148e55401132a83c9cab4

COCOAPODS: 0.38.2
