PODS:
  - Alamofire (2.0.2)
  - Brilliant (0.1.8):
    - Alamofire (~> 2.0)
    - ReachabilitySwift (= 2.0)
  - ReachabilitySwift (2.0)

DEPENDENCIES:
  - Brilliant (from `../`)

EXTERNAL SOURCES:
  Brilliant:
    :path: ../

SPEC CHECKSUMS:
  Alamofire: 8edbab00802a752bb5240cc2abe70e7e881488ad
  Brilliant: 31ab7270adbb6d35461dddb0ff653ee54f0d86b1
  ReachabilitySwift: 227b98ae7ec99e1c01148b17fb22357aa91a5675

COCOAPODS: 0.39.0
